
Microsoft Visual Studio Solution File, Format Version 12.00
# Visual Studio 14
VisualStudioVersion = 14.0.24720.0
MinimumVisualStudioVersion = 10.0.40219.1
Project("{FAE04EC0-301F-11D3-BF4B-00C04F79EFBC}") = "Calculadora", "Calculadora\Calculadora.csproj", "{AA18F245-8552-4778-9B86-3B02AF3F5C87}"
EndProject
Project("{FAE04EC0-301F-11D3-BF4B-00C04F79EFBC}") = "Calculadora_Test", "Calculadora_Test\Calculadora_Test.csproj", "{AEA2434D-7CE6-41E6-8BCA-DB210ECE7681}"
EndProject
Global
	GlobalSection(SolutionConfigurationPlatforms) = preSolution
		Debug|Any CPU = Debug|Any CPU
		Debug|ARM = Debug|ARM
		Debug|x64 = Debug|x64
		Debug|x86 = Debug|x86
		Release|Any CPU = Release|Any CPU
		Release|ARM = Release|ARM
		Release|x64 = Release|x64
		Release|x86 = Release|x86
	EndGlobalSection
	GlobalSection(ProjectConfigurationPlatforms) = postSolution
		{AA18F245-8552-4778-9B86-3B02AF3F5C87}.Debug|Any CPU.ActiveCfg = Debug|Any CPU
		{AA18F245-8552-4778-9B86-3B02AF3F5C87}.Debug|Any CPU.Build.0 = Debug|Any CPU
		{AA18F245-8552-4778-9B86-3B02AF3F5C87}.Debug|ARM.ActiveCfg = Debug|Any CPU
		{AA18F245-8552-4778-9B86-3B02AF3F5C87}.Debug|ARM.Build.0 = Debug|Any CPU
		{AA18F245-8552-4778-9B86-3B02AF3F5C87}.Debug|x64.ActiveCfg = Debug|Any CPU
		{AA18F245-8552-4778-9B86-3B02AF3F5C87}.Debug|x64.Build.0 = Debug|Any CPU
		{AA18F245-8552-4778-9B86-3B02AF3F5C87}.Debug|x86.ActiveCfg = Debug|Any CPU
		{AA18F245-8552-4778-9B86-3B02AF3F5C87}.Debug|x86.Build.0 = Debug|Any CPU
		{AA18F245-8552-4778-9B86-3B02AF3F5C87}.Release|Any CPU.ActiveCfg = Release|Any CPU
		{AA18F245-8552-4778-9B86-3B02AF3F5C87}.Release|Any CPU.Build.0 = Release|Any CPU
		{AA18F245-8552-4778-9B86-3B02AF3F5C87}.Release|ARM.ActiveCfg = Release|Any CPU
		{AA18F245-8552-4778-9B86-3B02AF3F5C87}.Release|ARM.Build.0 = Release|Any CPU
		{AA18F245-8552-4778-9B86-3B02AF3F5C87}.Release|x64.ActiveCfg = Release|Any CPU
		{AA18F245-8552-4778-9B86-3B02AF3F5C87}.Release|x64.Build.0 = Release|Any CPU
		{AA18F245-8552-4778-9B86-3B02AF3F5C87}.Release|x86.ActiveCfg = Release|Any CPU
		{AA18F245-8552-4778-9B86-3B02AF3F5C87}.Release|x86.Build.0 = Release|Any CPU
		{AEA2434D-7CE6-41E6-8BCA-DB210ECE7681}.Debug|Any CPU.ActiveCfg = Debug|Any CPU
		{AEA2434D-7CE6-41E6-8BCA-DB210ECE7681}.Debug|Any CPU.Build.0 = Debug|Any CPU
		{AEA2434D-7CE6-41E6-8BCA-DB210ECE7681}.Debug|ARM.ActiveCfg = Debug|Any CPU
		{AEA2434D-7CE6-41E6-8BCA-DB210ECE7681}.Debug|ARM.Build.0 = Debug|Any CPU
		{AEA2434D-7CE6-41E6-8BCA-DB210ECE7681}.Debug|x64.ActiveCfg = Debug|Any CPU
		{AEA2434D-7CE6-41E6-8BCA-DB210ECE7681}.Debug|x64.Build.0 = Debug|Any CPU
		{AEA2434D-7CE6-41E6-8BCA-DB210ECE7681}.Debug|x86.ActiveCfg = Debug|Any CPU
		{AEA2434D-7CE6-41E6-8BCA-DB210ECE7681}.Debug|x86.Build.0 = Debug|Any CPU
		{AEA2434D-7CE6-41E6-8BCA-DB210ECE7681}.Release|Any CPU.ActiveCfg = Release|Any CPU
		{AEA2434D-7CE6-41E6-8BCA-DB210ECE7681}.Release|Any CPU.Build.0 = Release|Any CPU
		{AEA2434D-7CE6-41E6-8BCA-DB210ECE7681}.Release|ARM.ActiveCfg = Release|Any CPU
		{AEA2434D-7CE6-41E6-8BCA-DB210ECE7681}.Release|ARM.Build.0 = Release|Any CPU
		{AEA2434D-7CE6-41E6-8BCA-DB210ECE7681}.Release|x64.ActiveCfg = Release|Any CPU
		{AEA2434D-7CE6-41E6-8BCA-DB210ECE7681}.Release|x64.Build.0 = Release|Any CPU
		{AEA2434D-7CE6-41E6-8BCA-DB210ECE7681}.Release|x86.ActiveCfg = Release|Any CPU
		{AEA2434D-7CE6-41E6-8BCA-DB210ECE7681}.Release|x86.Build.0 = Release|Any CPU
	EndGlobalSection
	GlobalSection(SolutionProperties) = preSolution
		HideSolutionNode = FALSE
	EndGlobalSection
EndGlobal
